
Microsoft Visual Studio Solution File, Format Version 12.00
# Visual Studio Version 16
VisualStudioVersion = 16.0.29519.87
MinimumVisualStudioVersion = 10.0.40219.1
Project("{FAE04EC0-301F-11D3-BF4B-00C04F79EFBC}") = "TodoApi", "TodoServerlessFunctionApp\TodoApi.csproj", "{90C60992-A78A-4E41-94B1-B1A5352D7CA9}"
EndProject
Global
	GlobalSection(SolutionConfigurationPlatforms) = preSolution
		Debug|Any CPU = Debug|Any CPU
		Release|Any CPU = Release|Any CPU
	EndGlobalSection
	GlobalSection(ProjectConfigurationPlatforms) = postSolution
		{90C60992-A78A-4E41-94B1-B1A5352D7CA9}.Debug|Any CPU.ActiveCfg = Debug|Any CPU
		{90C60992-A78A-4E41-94B1-B1A5352D7CA9}.Debug|Any CPU.Build.0 = Debug|Any CPU
		{90C60992-A78A-4E41-94B1-B1A5352D7CA9}.Release|Any CPU.ActiveCfg = Release|Any CPU
		{90C60992-A78A-4E41-94B1-B1A5352D7CA9}.Release|Any CPU.Build.0 = Release|Any CPU
	EndGlobalSection
	GlobalSection(SolutionProperties) = preSolution
		HideSolutionNode = FALSE
	EndGlobalSection
	GlobalSection(ExtensibilityGlobals) = postSolution
		SolutionGuid = {E2F0E759-6A34-4864-BD7B-BC52FA0607D9}
	EndGlobalSection
EndGlobal
